[[package]]
name = "bitflags"
version = "1.0.4"
source = "registry+https://github.com/rust-lang/crates.io-index"

[[package]]
name = "fragile"
version = "0.3.0"
source = "registry+https://github.com/rust-lang/crates.io-index"

[[package]]
name = "gio"
version = "0.5.1"
source = "git+https://github.com/gtk-rs/gio#7f6a7c7cbffee56eb5cd785e26824dbc04c0d7a7"
dependencies = [
 "bitflags 1.0.4 (registry+https://github.com/rust-lang/crates.io-index)",
 "fragile 0.3.0 (registry+https://github.com/rust-lang/crates.io-index)",
 "gio-sys 0.7.0 (git+https://github.com/gtk-rs/sys)",
 "glib 0.6.0 (git+https://github.com/gtk-rs/glib)",
 "glib-sys 0.7.0 (git+https://github.com/gtk-rs/sys)",
 "gobject-sys 0.7.0 (git+https://github.com/gtk-rs/sys)",
 "lazy_static 1.1.0 (registry+https://github.com/rust-lang/crates.io-index)",
 "libc 0.2.43 (registry+https://github.com/rust-lang/crates.io-index)",
]

[[package]]
name = "gio-sys"
version = "0.7.0"
source = "git+https://github.com/gtk-rs/sys#c3d849ec1438c9338d7af94a9f43a903238df578"
dependencies = [
 "glib-sys 0.7.0 (git+https://github.com/gtk-rs/sys)",
 "gobject-sys 0.7.0 (git+https://github.com/gtk-rs/sys)",
 "libc 0.2.43 (registry+https://github.com/rust-lang/crates.io-index)",
 "pkg-config 0.3.14 (registry+https://github.com/rust-lang/crates.io-index)",
]

[[package]]
name = "glib"
version = "0.6.0"
source = "git+https://github.com/gtk-rs/glib#aa40544a04e2f407b7e08c37cda854671a91cd0e"
dependencies = [
 "bitflags 1.0.4 (registry+https://github.com/rust-lang/crates.io-index)",
 "glib-sys 0.7.0 (git+https://github.com/gtk-rs/sys)",
 "gobject-sys 0.7.0 (git+https://github.com/gtk-rs/sys)",
 "lazy_static 1.1.0 (registry+https://github.com/rust-lang/crates.io-index)",
 "libc 0.2.43 (registry+https://github.com/rust-lang/crates.io-index)",
]

[[package]]
name = "glib-sys"
version = "0.7.0"
source = "git+https://github.com/gtk-rs/sys#c3d849ec1438c9338d7af94a9f43a903238df578"
dependencies = [
 "libc 0.2.43 (registry+https://github.com/rust-lang/crates.io-index)",
 "pkg-config 0.3.14 (registry+https://github.com/rust-lang/crates.io-index)",
]

[[package]]
name = "gobject-sys"
version = "0.7.0"
source = "git+https://github.com/gtk-rs/sys#c3d849ec1438c9338d7af94a9f43a903238df578"
dependencies = [
 "glib-sys 0.7.0 (git+https://github.com/gtk-rs/sys)",
 "libc 0.2.43 (registry+https://github.com/rust-lang/crates.io-index)",
 "pkg-config 0.3.14 (registry+https://github.com/rust-lang/crates.io-index)",
]

[[package]]
name = "lazy_static"
version = "1.1.0"
source = "registry+https://github.com/rust-lang/crates.io-index"
dependencies = [
 "version_check 0.1.5 (registry+https://github.com/rust-lang/crates.io-index)",
]

[[package]]
name = "libc"
version = "0.2.43"
source = "registry+https://github.com/rust-lang/crates.io-index"

[[package]]
name = "nm"
version = "0.1.0"
source = "git+https://github.com/balena-io-modules/libnm-rs#12737dd8a5b1f5b82c72aa3aebd4eb0afc030876"
dependencies = [
 "bitflags 1.0.4 (registry+https://github.com/rust-lang/crates.io-index)",
 "gio 0.5.1 (git+https://github.com/gtk-rs/gio)",
 "gio-sys 0.7.0 (git+https://github.com/gtk-rs/sys)",
 "glib 0.6.0 (git+https://github.com/gtk-rs/glib)",
 "glib-sys 0.7.0 (git+https://github.com/gtk-rs/sys)",
 "gobject-sys 0.7.0 (git+https://github.com/gtk-rs/sys)",
 "lazy_static 1.1.0 (registry+https://github.com/rust-lang/crates.io-index)",
 "libc 0.2.43 (registry+https://github.com/rust-lang/crates.io-index)",
 "nm-sys 0.1.0 (git+https://github.com/balena-io-modules/libnm-rs)",
]

[[package]]
name = "nm-sys"
version = "0.1.0"
source = "git+https://github.com/balena-io-modules/libnm-rs#12737dd8a5b1f5b82c72aa3aebd4eb0afc030876"
dependencies = [
 "gio-sys 0.7.0 (git+https://github.com/gtk-rs/sys)",
 "glib-sys 0.7.0 (git+https://github.com/gtk-rs/sys)",
 "gobject-sys 0.7.0 (git+https://github.com/gtk-rs/sys)",
 "libc 0.2.43 (registry+https://github.com/rust-lang/crates.io-index)",
 "pkg-config 0.3.14 (registry+https://github.com/rust-lang/crates.io-index)",
]

[[package]]
name = "nmstatectl"
version = "0.1.0"
dependencies = [
 "nm 0.1.0 (git+https://github.com/balena-io-modules/libnm-rs)",
]

[[package]]
name = "pkg-config"
version = "0.3.14"
source = "registry+https://github.com/rust-lang/crates.io-index"

[[package]]
name = "version_check"
version = "0.1.5"
source = "registry+https://github.com/rust-lang/crates.io-index"

[metadata]
"checksum bitflags 1.0.4 (registry+https://github.com/rust-lang/crates.io-index)" = "228047a76f468627ca71776ecdebd732a3423081fcf5125585bcd7c49886ce12"
"checksum fragile 0.3.0 (registry+https://github.com/rust-lang/crates.io-index)" = "05f8140122fa0d5dcb9fc8627cfce2b37cc1500f752636d46ea28bc26785c2f9"
"checksum gio 0.5.1 (git+https://github.com/gtk-rs/gio)" = "<none>"
"checksum gio-sys 0.7.0 (git+https://github.com/gtk-rs/sys)" = "<none>"
"checksum glib 0.6.0 (git+https://github.com/gtk-rs/glib)" = "<none>"
"checksum glib-sys 0.7.0 (git+https://github.com/gtk-rs/sys)" = "<none>"
"checksum gobject-sys 0.7.0 (git+https://github.com/gtk-rs/sys)" = "<none>"
"checksum lazy_static 1.1.0 (registry+https://github.com/rust-lang/crates.io-index)" = "ca488b89a5657b0a2ecd45b95609b3e848cf1755da332a0da46e2b2b1cb371a7"
"checksum libc 0.2.43 (registry+https://github.com/rust-lang/crates.io-index)" = "76e3a3ef172f1a0b9a9ff0dd1491ae5e6c948b94479a3021819ba7d860c8645d"
"checksum nm 0.1.0 (git+https://github.com/balena-io-modules/libnm-rs)" = "<none>"
"checksum nm-sys 0.1.0 (git+https://github.com/balena-io-modules/libnm-rs)" = "<none>"
"checksum pkg-config 0.3.14 (registry+https://github.com/rust-lang/crates.io-index)" = "676e8eb2b1b4c9043511a9b7bea0915320d7e502b0a079fb03f9635a5252b18c"
"checksum version_check 0.1.5 (registry+https://github.com/rust-lang/crates.io-index)" = "914b1a6776c4c929a602fafd8bc742e06365d4bcbe48c30f9cca5824f70dc9dd"
